
Microsoft Visual Studio Solution File, Format Version 12.00
# Visual Studio Version 17
VisualStudioVersion = 17.9.34622.214
MinimumVisualStudioVersion = 10.0.40219.1
Project("{FAE04EC0-301F-11D3-BF4B-00C04F79EFBC}") = "University.RestApi", "University.RestApi\University.RestApi.csproj", "{A2C1C33E-F5E4-4B17-B5C1-578AD6A83148}"
EndProject
Global
	GlobalSection(SolutionConfigurationPlatforms) = preSolution
		Debug|Any CPU = Debug|Any CPU
		Release|Any CPU = Release|Any CPU
	EndGlobalSection
	GlobalSection(ProjectConfigurationPlatforms) = postSolution
		{A2C1C33E-F5E4-4B17-B5C1-578AD6A83148}.Debug|Any CPU.ActiveCfg = Debug|Any CPU
		{A2C1C33E-F5E4-4B17-B5C1-578AD6A83148}.Debug|Any CPU.Build.0 = Debug|Any CPU
		{A2C1C33E-F5E4-4B17-B5C1-578AD6A83148}.Release|Any CPU.ActiveCfg = Release|Any CPU
		{A2C1C33E-F5E4-4B17-B5C1-578AD6A83148}.Release|Any CPU.Build.0 = Release|Any CPU
	EndGlobalSection
	GlobalSection(SolutionProperties) = preSolution
		HideSolutionNode = FALSE
	EndGlobalSection
	GlobalSection(ExtensibilityGlobals) = postSolution
		SolutionGuid = {49A1AD36-6693-4233-85FF-3A7DECEDC282}
	EndGlobalSection
EndGlobal
