
Microsoft Visual Studio Solution File, Format Version 12.00
# Visual Studio Version 17
VisualStudioVersion = 17.9.34622.214
MinimumVisualStudioVersion = 10.0.40219.1
Project("{9A19103F-16F7-4668-BE54-9A1E7A4F7556}") = "University.RestApi", "University.RestApi\University.RestApi.csproj", "{A2C1C33E-F5E4-4B17-B5C1-578AD6A83148}"
EndProject
Project("{9A19103F-16F7-4668-BE54-9A1E7A4F7556}") = "University.Domain", "University.Domain\University.Domain.csproj", "{E74F495A-45D8-4CBC-BED9-24C8CBFD8265}"
EndProject
Project("{9A19103F-16F7-4668-BE54-9A1E7A4F7556}") = "University.Application", "University.Application\University.Application.csproj", "{4367B1D1-0E4F-42B7-8471-4CA37A877836}"
EndProject
Project("{9A19103F-16F7-4668-BE54-9A1E7A4F7556}") = "University.Infrastructure", "University.Infrastructure\University.Infrastructure.csproj", "{FA5E2E98-9438-424D-8887-20EEAF6DFC36}"
EndProject
Project("{9A19103F-16F7-4668-BE54-9A1E7A4F7556}") = "University.Tests", "University.Tests\University.Tests.csproj", "{0B210CEF-CFE7-4743-8464-D889FF3A7B2D}"
EndProject
Project("{9A19103F-16F7-4668-BE54-9A1E7A4F7556}") = "University.GraphQL", "University.GraphQL\University.GraphQL.csproj", "{4D9EE3F8-A6E9-410F-8970-6843710778D6}"
EndProject
Project("{9A19103F-16F7-4668-BE54-9A1E7A4F7556}") = "University.RazorPages", "University.RazorPages\University.RazorPages.csproj", "{F60D0413-3F7D-4CDF-9A5E-40F67E6706CF}"
EndProject
Project("{2150E333-8FDC-42A3-9474-1A3956D46DE8}") = "Solution Items", "Solution Items", "{F4BD3673-7536-42BA-BF2D-504B4EFB9852}"
	ProjectSection(SolutionItems) = preProject
		cURL_tests.sh = cURL_tests.sh
	EndProjectSection
EndProject
Global
	GlobalSection(SolutionConfigurationPlatforms) = preSolution
		Debug|Any CPU = Debug|Any CPU
		Release|Any CPU = Release|Any CPU
	EndGlobalSection
	GlobalSection(ProjectConfigurationPlatforms) = postSolution
		{A2C1C33E-F5E4-4B17-B5C1-578AD6A83148}.Debug|Any CPU.ActiveCfg = Debug|Any CPU
		{A2C1C33E-F5E4-4B17-B5C1-578AD6A83148}.Debug|Any CPU.Build.0 = Debug|Any CPU
		{A2C1C33E-F5E4-4B17-B5C1-578AD6A83148}.Release|Any CPU.ActiveCfg = Release|Any CPU
		{A2C1C33E-F5E4-4B17-B5C1-578AD6A83148}.Release|Any CPU.Build.0 = Release|Any CPU
		{E74F495A-45D8-4CBC-BED9-24C8CBFD8265}.Debug|Any CPU.ActiveCfg = Debug|Any CPU
		{E74F495A-45D8-4CBC-BED9-24C8CBFD8265}.Debug|Any CPU.Build.0 = Debug|Any CPU
		{E74F495A-45D8-4CBC-BED9-24C8CBFD8265}.Release|Any CPU.ActiveCfg = Release|Any CPU
		{E74F495A-45D8-4CBC-BED9-24C8CBFD8265}.Release|Any CPU.Build.0 = Release|Any CPU
		{4367B1D1-0E4F-42B7-8471-4CA37A877836}.Debug|Any CPU.ActiveCfg = Debug|Any CPU
		{4367B1D1-0E4F-42B7-8471-4CA37A877836}.Debug|Any CPU.Build.0 = Debug|Any CPU
		{4367B1D1-0E4F-42B7-8471-4CA37A877836}.Release|Any CPU.ActiveCfg = Release|Any CPU
		{4367B1D1-0E4F-42B7-8471-4CA37A877836}.Release|Any CPU.Build.0 = Release|Any CPU
		{FA5E2E98-9438-424D-8887-20EEAF6DFC36}.Debug|Any CPU.ActiveCfg = Debug|Any CPU
		{FA5E2E98-9438-424D-8887-20EEAF6DFC36}.Debug|Any CPU.Build.0 = Debug|Any CPU
		{FA5E2E98-9438-424D-8887-20EEAF6DFC36}.Release|Any CPU.ActiveCfg = Release|Any CPU
		{FA5E2E98-9438-424D-8887-20EEAF6DFC36}.Release|Any CPU.Build.0 = Release|Any CPU
		{0B210CEF-CFE7-4743-8464-D889FF3A7B2D}.Debug|Any CPU.ActiveCfg = Debug|Any CPU
		{0B210CEF-CFE7-4743-8464-D889FF3A7B2D}.Debug|Any CPU.Build.0 = Debug|Any CPU
		{0B210CEF-CFE7-4743-8464-D889FF3A7B2D}.Release|Any CPU.ActiveCfg = Release|Any CPU
		{0B210CEF-CFE7-4743-8464-D889FF3A7B2D}.Release|Any CPU.Build.0 = Release|Any CPU
		{4D9EE3F8-A6E9-410F-8970-6843710778D6}.Debug|Any CPU.ActiveCfg = Debug|Any CPU
		{4D9EE3F8-A6E9-410F-8970-6843710778D6}.Debug|Any CPU.Build.0 = Debug|Any CPU
		{4D9EE3F8-A6E9-410F-8970-6843710778D6}.Release|Any CPU.ActiveCfg = Release|Any CPU
		{4D9EE3F8-A6E9-410F-8970-6843710778D6}.Release|Any CPU.Build.0 = Release|Any CPU
		{F60D0413-3F7D-4CDF-9A5E-40F67E6706CF}.Debug|Any CPU.ActiveCfg = Debug|Any CPU
		{F60D0413-3F7D-4CDF-9A5E-40F67E6706CF}.Debug|Any CPU.Build.0 = Debug|Any CPU
		{F60D0413-3F7D-4CDF-9A5E-40F67E6706CF}.Release|Any CPU.ActiveCfg = Release|Any CPU
		{F60D0413-3F7D-4CDF-9A5E-40F67E6706CF}.Release|Any CPU.Build.0 = Release|Any CPU
	EndGlobalSection
	GlobalSection(SolutionProperties) = preSolution
		HideSolutionNode = FALSE
	EndGlobalSection
	GlobalSection(ExtensibilityGlobals) = postSolution
		SolutionGuid = {49A1AD36-6693-4233-85FF-3A7DECEDC282}
	EndGlobalSection
EndGlobal
